<?xml version="1.0" encoding="utf-8"?>
<Project DefaultTargets="Build" ToolsVersion="4.0" xmlns="http://schemas.microsoft.com/developer/msbuild/2003">
  <PropertyGroup>
    <Configuration Condition=" '$(Configuration)' == '' ">Documentation</Configuration>
    <Platform Condition=" '$(Platform)' == '' ">AnyCPU</Platform>
    <ProjectGuid>{5E8E1E28-4A3D-487F-B118-575A5D23399D}</ProjectGuid>
    <UseDefaultCompiler>true</UseDefaultCompiler>
    <IncrementalLinking>true</IncrementalLinking>
    <PreferOneStepBuild>true</PreferOneStepBuild>
    <Compiler>DMD2</Compiler>
  </PropertyGroup>
  <PropertyGroup Condition=" '$(Configuration)|$(Platform)' == 'Documentation|AnyCPU' ">
    <DebugSymbols>true</DebugSymbols>
    <OutputPath>bin\Debug</OutputPath>
    <LinkinThirdPartyLibraries>false</LinkinThirdPartyLibraries>
    <ObjectsDirectory>obj\Debug</ObjectsDirectory>
    <DebugLevel>0</DebugLevel>
    <UnittestMode>false</UnittestMode>
    <Externalconsole>true</Externalconsole>
    <Target>SharedLibrary</Target>
    <OutputName>GC</OutputName>
    <ExtraCompilerArguments>-D</ExtraCompilerArguments>
  </PropertyGroup>
  <ItemGroup>
    <Folder Include="core\" />
  </ItemGroup>
  <ItemGroup>
    <Compile Include="core\gc.d" />
  </ItemGroup>
  <ItemGroup>
    <None Include="GCDocumentationStyle.css" />
  </ItemGroup>
</Project>